// !$*UTF8*$!
{
	archiveVersion = 1;
	classes = {
	};
	objectVersion = 55;
	objects = {

/* Begin PBXBuildFile section */
		BDEAE638289420950010B396 /* AppDelegate.swift in Sources */ = {isa = PBXBuildFile; fileRef = BDEAE637289420950010B396 /* AppDelegate.swift */; };
		BDEAE63A289420950010B396 /* SceneDelegate.swift in Sources */ = {isa = PBXBuildFile; fileRef = BDEAE639289420950010B396 /* SceneDelegate.swift */; };
		BDEAE63C289420950010B396 /* ViewController.swift in Sources */ = {isa = PBXBuildFile; fileRef = BDEAE63B289420950010B396 /* ViewController.swift */; };
		BDEAE63F289420950010B396 /* Main.storyboard in Resources */ = {isa = PBXBuildFile; fileRef = BDEAE63D289420950010B396 /* Main.storyboard */; };
		BDEAE642289420950010B396 /* toDoList.xcdatamodeld in Sources */ = {isa = PBXBuildFile; fileRef = BDEAE640289420950010B396 /* toDoList.xcdatamodeld */; };
		BDEAE644289420960010B396 /* Assets.xcassets in Resources */ = {isa = PBXBuildFile; fileRef = BDEAE643289420960010B396 /* Assets.xcassets */; };
		BDEAE647289420960010B396 /* LaunchScreen.storyboard in Resources */ = {isa = PBXBuildFile; fileRef = BDEAE645289420960010B396 /* LaunchScreen.storyboard */; };
		BDEAE652289420960010B396 /* toDoListTests.swift in Sources */ = {isa = PBXBuildFile; fileRef = BDEAE651289420960010B396 /* toDoListTests.swift */; };
		BDEAE65C289420960010B396 /* toDoListUITests.swift in Sources */ = {isa = PBXBuildFile; fileRef = BDEAE65B289420960010B396 /* toDoListUITests.swift */; };
		BDEAE65E289420960010B396 /* toDoListUITestsLaunchTests.swift in Sources */ = {isa = PBXBuildFile; fileRef = BDEAE65D289420960010B396 /* toDoListUITestsLaunchTests.swift */; };
		BDEAE66B289423600010B396 /* toDoTableViewController.swift in Sources */ = {isa = PBXBuildFile; fileRef = BDEAE66A289423600010B396 /* toDoTableViewController.swift */; };
		BDEAE66D289425400010B396 /* ToDo.swift in Sources */ = {isa = PBXBuildFile; fileRef = BDEAE66C289425400010B396 /* ToDo.swift */; };
		BDEAE66F28942DF30010B396 /* AddToDoViewController.swift in Sources */ = {isa = PBXBuildFile; fileRef = BDEAE66E28942DF30010B396 /* AddToDoViewController.swift */; };
/* End PBXBuildFile section */

/* Begin PBXContainerItemProxy section */
		BDEAE64E289420960010B396 /* PBXContainerItemProxy */ = {
			isa = PBXContainerItemProxy;
			containerPortal = BDEAE62C289420950010B396 /* Project object */;
			proxyType = 1;
			remoteGlobalIDString = BDEAE633289420950010B396;
			remoteInfo = toDoList;
		};
		BDEAE658289420960010B396 /* PBXContainerItemProxy */ = {
			isa = PBXContainerItemProxy;
			containerPortal = BDEAE62C289420950010B396 /* Project object */;
			proxyType = 1;
			remoteGlobalIDString = BDEAE633289420950010B396;
			remoteInfo = toDoList;
		};
/* End PBXContainerItemProxy section */

/* Begin PBXFileReference section */
		BDEAE634289420950010B396 /* toDoList.app */ = {isa = PBXFileReference; explicitFileType = wrapper.application; includeInIndex = 0; path = toDoList.app; sourceTree = BUILT_PRODUCTS_DIR; };
		BDEAE637289420950010B396 /* AppDelegate.swift */ = {isa = PBXFileReference; lastKnownFileType = sourcecode.swift; path = AppDelegate.swift; sourceTree = "<group>"; };
		BDEAE639289420950010B396 /* SceneDelegate.swift */ = {isa = PBXFileReference; lastKnownFileType = sourcecode.swift; path = SceneDelegate.swift; sourceTree = "<group>"; };
		BDEAE63B289420950010B396 /* ViewController.swift */ = {isa = PBXFileReference; lastKnownFileType = sourcecode.swift; path = ViewController.swift; sourceTree = "<group>"; };
		BDEAE63E289420950010B396 /* Base */ = {isa = PBXFileReference; lastKnownFileType = file.storyboard; name = Base; path = Base.lproj/Main.storyboard; sourceTree = "<group>"; };
		BDEAE641289420950010B396 /* toDoList.xcdatamodel */ = {isa = PBXFileReference; lastKnownFileType = wrapper.xcdatamodel; path = toDoList.xcdatamodel; sourceTree = "<group>"; };
		BDEAE643289420960010B396 /* Assets.xcassets */ = {isa = PBXFileReference; lastKnownFileType = folder.assetcatalog; path = Assets.xcassets; sourceTree = "<group>"; };
		BDEAE646289420960010B396 /* Base */ = {isa = PBXFileReference; lastKnownFileType = file.storyboard; name = Base; path = Base.lproj/LaunchScreen.storyboard; sourceTree = "<group>"; };
		BDEAE648289420960010B396 /* Info.plist */ = {isa = PBXFileReference; lastKnownFileType = text.plist.xml; path = Info.plist; sourceTree = "<group>"; };
		BDEAE64D289420960010B396 /* toDoListTests.xctest */ = {isa = PBXFileReference; explicitFileType = wrapper.cfbundle; includeInIndex = 0; path = toDoListTests.xctest; sourceTree = BUILT_PRODUCTS_DIR; };
		BDEAE651289420960010B396 /* toDoListTests.swift */ = {isa = PBXFileReference; lastKnownFileType = sourcecode.swift; path = toDoListTests.swift; sourceTree = "<group>"; };
		BDEAE657289420960010B396 /* toDoListUITests.xctest */ = {isa = PBXFileReference; explicitFileType = wrapper.cfbundle; includeInIndex = 0; path = toDoListUITests.xctest; sourceTree = BUILT_PRODUCTS_DIR; };
		BDEAE65B289420960010B396 /* toDoListUITests.swift */ = {isa = PBXFileReference; lastKnownFileType = sourcecode.swift; path = toDoListUITests.swift; sourceTree = "<group>"; };
		BDEAE65D289420960010B396 /* toDoListUITestsLaunchTests.swift */ = {isa = PBXFileReference; lastKnownFileType = sourcecode.swift; path = toDoListUITestsLaunchTests.swift; sourceTree = "<group>"; };
		BDEAE66A289423600010B396 /* toDoTableViewController.swift */ = {isa = PBXFileReference; lastKnownFileType = sourcecode.swift; path = toDoTableViewController.swift; sourceTree = "<group>"; };
		BDEAE66C289425400010B396 /* ToDo.swift */ = {isa = PBXFileReference; lastKnownFileType = sourcecode.swift; path = ToDo.swift; sourceTree = "<group>"; };
		BDEAE66E28942DF30010B396 /* AddToDoViewController.swift */ = {isa = PBXFileReference; lastKnownFileType = sourcecode.swift; path = AddToDoViewController.swift; sourceTree = "<group>"; };
/* End PBXFileReference section */

/* Begin PBXFrameworksBuildPhase section */
		BDEAE631289420950010B396 /* Frameworks */ = {
			isa = PBXFrameworksBuildPhase;
			buildActionMask = 2147483647;
			files = (
			);
			runOnlyForDeploymentPostprocessing = 0;
		};
		BDEAE64A289420960010B396 /* Frameworks */ = {
			isa = PBXFrameworksBuildPhase;
			buildActionMask = 2147483647;
			files = (
			);
			runOnlyForDeploymentPostprocessing = 0;
		};
		BDEAE654289420960010B396 /* Frameworks */ = {
			isa = PBXFrameworksBuildPhase;
			buildActionMask = 2147483647;
			files = (
			);
			runOnlyForDeploymentPostprocessing = 0;
		};
/* End PBXFrameworksBuildPhase section */

/* Begin PBXGroup section */
		BDEAE62B289420950010B396 = {
			isa = PBXGroup;
			children = (
				BDEAE636289420950010B396 /* toDoList */,
				BDEAE650289420960010B396 /* toDoListTests */,
				BDEAE65A289420960010B396 /* toDoListUITests */,
				BDEAE635289420950010B396 /* Products */,
			);
			sourceTree = "<group>";
		};
		BDEAE635289420950010B396 /* Products */ = {
			isa = PBXGroup;
			children = (
				BDEAE634289420950010B396 /* toDoList.app */,
				BDEAE64D289420960010B396 /* toDoListTests.xctest */,
				BDEAE657289420960010B396 /* toDoListUITests.xctest */,
			);
			name = Products;
			sourceTree = "<group>";
		};
		BDEAE636289420950010B396 /* toDoList */ = {
			isa = PBXGroup;
			children = (
				BDEAE637289420950010B396 /* AppDelegate.swift */,
				BDEAE639289420950010B396 /* SceneDelegate.swift */,
				BDEAE63B289420950010B396 /* ViewController.swift */,
				BDEAE63D289420950010B396 /* Main.storyboard */,
				BDEAE643289420960010B396 /* Assets.xcassets */,
				BDEAE645289420960010B396 /* LaunchScreen.storyboard */,
				BDEAE648289420960010B396 /* Info.plist */,
				BDEAE640289420950010B396 /* toDoList.xcdatamodeld */,
				BDEAE66A289423600010B396 /* toDoTableViewController.swift */,
				BDEAE66C289425400010B396 /* ToDo.swift */,
				BDEAE66E28942DF30010B396 /* AddToDoViewController.swift */,
			);
			path = toDoList;
			sourceTree = "<group>";
		};
		BDEAE650289420960010B396 /* toDoListTests */ = {
			isa = PBXGroup;
			children = (
				BDEAE651289420960010B396 /* toDoListTests.swift */,
			);
			path = toDoListTests;
			sourceTree = "<group>";
		};
		BDEAE65A289420960010B396 /* toDoListUITests */ = {
			isa = PBXGroup;
			children = (
				BDEAE65B289420960010B396 /* toDoListUITests.swift */,
				BDEAE65D289420960010B396 /* toDoListUITestsLaunchTests.swift */,
			);
			path = toDoListUITests;
			sourceTree = "<group>";
		};
/* End PBXGroup section */

/* Begin PBXNativeTarget section */
		BDEAE633289420950010B396 /* toDoList */ = {
			isa = PBXNativeTarget;
			buildConfigurationList = BDEAE661289420960010B396 /* Build configuration list for PBXNativeTarget "toDoList" */;
			buildPhases = (
				BDEAE630289420950010B396 /* Sources */,
				BDEAE631289420950010B396 /* Frameworks */,
				BDEAE632289420950010B396 /* Resources */,
			);
			buildRules = (
			);
			dependencies = (
			);
			name = toDoList;
			productName = toDoList;
			productReference = BDEAE634289420950010B396 /* toDoList.app */;
			productType = "com.apple.product-type.application";
		};
		BDEAE64C289420960010B396 /* toDoListTests */ = {
			isa = PBXNativeTarget;
			buildConfigurationList = BDEAE664289420960010B396 /* Build configuration list for PBXNativeTarget "toDoListTests" */;
			buildPhases = (
				BDEAE649289420960010B396 /* Sources */,
				BDEAE64A289420960010B396 /* Frameworks */,
				BDEAE64B289420960010B396 /* Resources */,
			);
			buildRules = (
			);
			dependencies = (
				BDEAE64F289420960010B396 /* PBXTargetDependency */,
			);
			name = toDoListTests;
			productName = toDoListTests;
			productReference = BDEAE64D289420960010B396 /* toDoListTests.xctest */;
			productType = "com.apple.product-type.bundle.unit-test";
		};
		BDEAE656289420960010B396 /* toDoListUITests */ = {
			isa = PBXNativeTarget;
			buildConfigurationList = BDEAE667289420960010B396 /* Build configuration list for PBXNativeTarget "toDoListUITests" */;
			buildPhases = (
				BDEAE653289420960010B396 /* Sources */,
				BDEAE654289420960010B396 /* Frameworks */,
				BDEAE655289420960010B396 /* Resources */,
			);
			buildRules = (
			);
			dependencies = (
				BDEAE659289420960010B396 /* PBXTargetDependency */,
			);
			name = toDoListUITests;
			productName = toDoListUITests;
			productReference = BDEAE657289420960010B396 /* toDoListUITests.xctest */;
			productType = "com.apple.product-type.bundle.ui-testing";
		};
/* End PBXNativeTarget section */

/* Begin PBXProject section */
		BDEAE62C289420950010B396 /* Project object */ = {
			isa = PBXProject;
			attributes = {
				BuildIndependentTargetsInParallel = 1;
				LastSwiftUpdateCheck = 1340;
				LastUpgradeCheck = 1340;
				TargetAttributes = {
					BDEAE633289420950010B396 = {
						CreatedOnToolsVersion = 13.4;
					};
					BDEAE64C289420960010B396 = {
						CreatedOnToolsVersion = 13.4;
						TestTargetID = BDEAE633289420950010B396;
					};
					BDEAE656289420960010B396 = {
						CreatedOnToolsVersion = 13.4;
						TestTargetID = BDEAE633289420950010B396;
					};
				};
			};
			buildConfigurationList = BDEAE62F289420950010B396 /* Build configuration list for PBXProject "toDoList" */;
			compatibilityVersion = "Xcode 13.0";
			developmentRegion = en;
			hasScannedForEncodings = 0;
			knownRegions = (
				en,
				Base,
			);
			mainGroup = BDEAE62B289420950010B396;
			productRefGroup = BDEAE635289420950010B396 /* Products */;
			projectDirPath = "";
			projectRoot = "";
			targets = (
				BDEAE633289420950010B396 /* toDoList */,
				BDEAE64C289420960010B396 /* toDoListTests */,
				BDEAE656289420960010B396 /* toDoListUITests */,
			);
		};
/* End PBXProject section */

/* Begin PBXResourcesBuildPhase section */
		BDEAE632289420950010B396 /* Resources */ = {
			isa = PBXResourcesBuildPhase;
			buildActionMask = 2147483647;
			files = (
				BDEAE647289420960010B396 /* LaunchScreen.storyboard in Resources */,
				BDEAE644289420960010B396 /* Assets.xcassets in Resources */,
				BDEAE63F289420950010B396 /* Main.storyboard in Resources */,
			);
			runOnlyForDeploymentPostprocessing = 0;
		};
		BDEAE64B289420960010B396 /* Resources */ = {
			isa = PBXResourcesBuildPhase;
			buildActionMask = 2147483647;
			files = (
			);
			runOnlyForDeploymentPostprocessing = 0;
		};
		BDEAE655289420960010B396 /* Resources */ = {
			isa = PBXResourcesBuildPhase;
			buildActionMask = 2147483647;
			files = (
			);
			runOnlyForDeploymentPostprocessing = 0;
		};
/* End PBXResourcesBuildPhase section */

/* Begin PBXSourcesBuildPhase section */
		BDEAE630289420950010B396 /* Sources */ = {
			isa = PBXSourcesBuildPhase;
			buildActionMask = 2147483647;
			files = (
				BDEAE63C289420950010B396 /* ViewController.swift in Sources */,
				BDEAE66B289423600010B396 /* toDoTableViewController.swift in Sources */,
				BDEAE638289420950010B396 /* AppDelegate.swift in Sources */,
				BDEAE66D289425400010B396 /* ToDo.swift in Sources */,
				BDEAE66F28942DF30010B396 /* AddToDoViewController.swift in Sources */,
				BDEAE63A289420950010B396 /* SceneDelegate.swift in Sources */,
				BDEAE642289420950010B396 /* toDoList.xcdatamodeld in Sources */,
			);
			runOnlyForDeploymentPostprocessing = 0;
		};
		BDEAE649289420960010B396 /* Sources */ = {
			isa = PBXSourcesBuildPhase;
			buildActionMask = 2147483647;
			files = (
				BDEAE652289420960010B396 /* toDoListTests.swift in Sources */,
			);
			runOnlyForDeploymentPostprocessing = 0;
		};
		BDEAE653289420960010B396 /* Sources */ = {
			isa = PBXSourcesBuildPhase;
			buildActionMask = 2147483647;
			files = (
				BDEAE65E289420960010B396 /* toDoListUITestsLaunchTests.swift in Sources */,
				BDEAE65C289420960010B396 /* toDoListUITests.swift in Sources */,
			);
			runOnlyForDeploymentPostprocessing = 0;
		};
/* End PBXSourcesBuildPhase section */

/* Begin PBXTargetDependency section */
		BDEAE64F289420960010B396 /* PBXTargetDependency */ = {
			isa = PBXTargetDependency;
			target = BDEAE633289420950010B396 /* toDoList */;
			targetProxy = BDEAE64E289420960010B396 /* PBXContainerItemProxy */;
		};
		BDEAE659289420960010B396 /* PBXTargetDependency */ = {
			isa = PBXTargetDependency;
			target = BDEAE633289420950010B396 /* toDoList */;
			targetProxy = BDEAE658289420960010B396 /* PBXContainerItemProxy */;
		};
/* End PBXTargetDependency section */

/* Begin PBXVariantGroup section */
		BDEAE63D289420950010B396 /* Main.storyboard */ = {
			isa = PBXVariantGroup;
			children = (
				BDEAE63E289420950010B396 /* Base */,
			);
			name = Main.storyboard;
			sourceTree = "<group>";
		};
		BDEAE645289420960010B396 /* LaunchScreen.storyboard */ = {
			isa = PBXVariantGroup;
			children = (
				BDEAE646289420960010B396 /* Base */,
			);
			name = LaunchScreen.storyboard;
			sourceTree = "<group>";
		};
/* End PBXVariantGroup section */

/* Begin XCBuildConfiguration section */
		BDEAE65F289420960010B396 /* Debug */ = {
			isa = XCBuildConfiguration;
			buildSettings = {
				ALWAYS_SEARCH_USER_PATHS = NO;
				CLANG_ANALYZER_NONNULL = YES;
				CLANG_ANALYZER_NUMBER_OBJECT_CONVERSION = YES_AGGRESSIVE;
				CLANG_CXX_LANGUAGE_STANDARD = "gnu++17";
				CLANG_ENABLE_MODULES = YES;
				CLANG_ENABLE_OBJC_ARC = YES;
				CLANG_ENABLE_OBJC_WEAK = YES;
				CLANG_WARN_BLOCK_CAPTURE_AUTORELEASING = YES;
				CLANG_WARN_BOOL_CONVERSION = YES;
				CLANG_WARN_COMMA = YES;
				CLANG_WARN_CONSTANT_CONVERSION = YES;
				CLANG_WARN_DEPRECATED_OBJC_IMPLEMENTATIONS = YES;
				CLANG_WARN_DIRECT_OBJC_ISA_USAGE = YES_ERROR;
				CLANG_WARN_DOCUMENTATION_COMMENTS = YES;
				CLANG_WARN_EMPTY_BODY = YES;
				CLANG_WARN_ENUM_CONVERSION = YES;
				CLANG_WARN_INFINITE_RECURSION = YES;
				CLANG_WARN_INT_CONVERSION = YES;
				CLANG_WARN_NON_LITERAL_NULL_CONVERSION = YES;
				CLANG_WARN_OBJC_IMPLICIT_RETAIN_SELF = YES;
				CLANG_WARN_OBJC_LITERAL_CONVERSION = YES;
				CLANG_WARN_OBJC_ROOT_CLASS = YES_ERROR;
				CLANG_WARN_QUOTED_INCLUDE_IN_FRAMEWORK_HEADER = YES;
				CLANG_WARN_RANGE_LOOP_ANALYSIS = YES;
				CLANG_WARN_STRICT_PROTOTYPES = YES;
				CLANG_WARN_SUSPICIOUS_MOVE = YES;
				CLANG_WARN_UNGUARDED_AVAILABILITY = YES_AGGRESSIVE;
				CLANG_WARN_UNREACHABLE_CODE = YES;
				CLANG_WARN__DUPLICATE_METHOD_MATCH = YES;
				COPY_PHASE_STRIP = NO;
				DEBUG_INFORMATION_FORMAT = dwarf;
				ENABLE_STRICT_OBJC_MSGSEND = YES;
				ENABLE_TESTABILITY = YES;
				GCC_C_LANGUAGE_STANDARD = gnu11;
				GCC_DYNAMIC_NO_PIC = NO;
				GCC_NO_COMMON_BLOCKS = YES;
				GCC_OPTIMIZATION_LEVEL = 0;
				GCC_PREPROCESSOR_DEFINITIONS = (
					"DEBUG=1",
					"$(inherited)",
				);
				GCC_WARN_64_TO_32_BIT_CONVERSION = YES;
				GCC_WARN_ABOUT_RETURN_TYPE = YES_ERROR;
				GCC_WARN_UNDECLARED_SELECTOR = YES;
				GCC_WARN_UNINITIALIZED_AUTOS = YES_AGGRESSIVE;
				GCC_WARN_UNUSED_FUNCTION = YES;
				GCC_WARN_UNUSED_VARIABLE = YES;
				IPHONEOS_DEPLOYMENT_TARGET = 15.5;
				MTL_ENABLE_DEBUG_INFO = INCLUDE_SOURCE;
				MTL_FAST_MATH = YES;
				ONLY_ACTIVE_ARCH = YES;
				SDKROOT = iphoneos;
				SWIFT_ACTIVE_COMPILATION_CONDITIONS = DEBUG;
				SWIFT_OPTIMIZATION_LEVEL = "-Onone";
			};
			name = Debug;
		};
		BDEAE660289420960010B396 /* Release */ = {
			isa = XCBuildConfiguration;
			buildSettings = {
				ALWAYS_SEARCH_USER_PATHS = NO;
				CLANG_ANALYZER_NONNULL = YES;
				CLANG_ANALYZER_NUMBER_OBJECT_CONVERSION = YES_AGGRESSIVE;
				CLANG_CXX_LANGUAGE_STANDARD = "gnu++17";
				CLANG_ENABLE_MODULES = YES;
				CLANG_ENABLE_OBJC_ARC = YES;
				CLANG_ENABLE_OBJC_WEAK = YES;
				CLANG_WARN_BLOCK_CAPTURE_AUTORELEASING = YES;
				CLANG_WARN_BOOL_CONVERSION = YES;
				CLANG_WARN_COMMA = YES;
				CLANG_WARN_CONSTANT_CONVERSION = YES;
				CLANG_WARN_DEPRECATED_OBJC_IMPLEMENTATIONS = YES;
				CLANG_WARN_DIRECT_OBJC_ISA_USAGE = YES_ERROR;
				CLANG_WARN_DOCUMENTATION_COMMENTS = YES;
				CLANG_WARN_EMPTY_BODY = YES;
				CLANG_WARN_ENUM_CONVERSION = YES;
				CLANG_WARN_INFINITE_RECURSION = YES;
				CLANG_WARN_INT_CONVERSION = YES;
				CLANG_WARN_NON_LITERAL_NULL_CONVERSION = YES;
				CLANG_WARN_OBJC_IMPLICIT_RETAIN_SELF = YES;
				CLANG_WARN_OBJC_LITERAL_CONVERSION = YES;
				CLANG_WARN_OBJC_ROOT_CLASS = YES_ERROR;
				CLANG_WARN_QUOTED_INCLUDE_IN_FRAMEWORK_HEADER = YES;
				CLANG_WARN_RANGE_LOOP_ANALYSIS = YES;
				CLANG_WARN_STRICT_PROTOTYPES = YES;
				CLANG_WARN_SUSPICIOUS_MOVE = YES;
				CLANG_WARN_UNGUARDED_AVAILABILITY = YES_AGGRESSIVE;
				CLANG_WARN_UNREACHABLE_CODE = YES;
				CLANG_WARN__DUPLICATE_METHOD_MATCH = YES;
				COPY_PHASE_STRIP = NO;
				DEBUG_INFORMATION_FORMAT = "dwarf-with-dsym";
				ENABLE_NS_ASSERTIONS = NO;
				ENABLE_STRICT_OBJC_MSGSEND = YES;
				GCC_C_LANGUAGE_STANDARD = gnu11;
				GCC_NO_COMMON_BLOCKS = YES;
				GCC_WARN_64_TO_32_BIT_CONVERSION = YES;
				GCC_WARN_ABOUT_RETURN_TYPE = YES_ERROR;
				GCC_WARN_UNDECLARED_SELECTOR = YES;
				GCC_WARN_UNINITIALIZED_AUTOS = YES_AGGRESSIVE;
				GCC_WARN_UNUSED_FUNCTION = YES;
				GCC_WARN_UNUSED_VARIABLE = YES;
				IPHONEOS_DEPLOYMENT_TARGET = 15.5;
				MTL_ENABLE_DEBUG_INFO = NO;
				MTL_FAST_MATH = YES;
				SDKROOT = iphoneos;
				SWIFT_COMPILATION_MODE = wholemodule;
				SWIFT_OPTIMIZATION_LEVEL = "-O";
				VALIDATE_PRODUCT = YES;
			};
			name = Release;
		};
		BDEAE662289420960010B396 /* Debug */ = {
			isa = XCBuildConfiguration;
			buildSettings = {
				ASSETCATALOG_COMPILER_APPICON_NAME = AppIcon;
				ASSETCATALOG_COMPILER_GLOBAL_ACCENT_COLOR_NAME = AccentColor;
				CODE_SIGN_STYLE = Automatic;
				CURRENT_PROJECT_VERSION = 1;
				GENERATE_INFOPLIST_FILE = YES;
				INFOPLIST_FILE = toDoList/Info.plist;
				INFOPLIST_KEY_UIApplicationSupportsIndirectInputEvents = YES;
				INFOPLIST_KEY_UILaunchStoryboardName = LaunchScreen;
				INFOPLIST_KEY_UIMainStoryboardFile = Main;
				INFOPLIST_KEY_UISupportedInterfaceOrientations_iPad = "UIInterfaceOrientationPortrait UIInterfaceOrientationPortraitUpsideDown UIInterfaceOrientationLandscapeLeft UIInterfaceOrientationLandscapeRight";
				INFOPLIST_KEY_UISupportedInterfaceOrientations_iPhone = "UIInterfaceOrientationPortrait UIInterfaceOrientationLandscapeLeft UIInterfaceOrientationLandscapeRight";
				LD_RUNPATH_SEARCH_PATHS = (
					"$(inherited)",
					"@executable_path/Frameworks",
				);
				MARKETING_VERSION = 1.0;
				PRODUCT_BUNDLE_IDENTIFIER = kwk.toDoList;
				PRODUCT_NAME = "$(TARGET_NAME)";
				SWIFT_EMIT_LOC_STRINGS = YES;
				SWIFT_VERSION = 5.0;
				TARGETED_DEVICE_FAMILY = "1,2";
			};
			name = Debug;
		};
		BDEAE663289420960010B396 /* Release */ = {
			isa = XCBuildConfiguration;
			buildSettings = {
				ASSETCATALOG_COMPILER_APPICON_NAME = AppIcon;
				ASSETCATALOG_COMPILER_GLOBAL_ACCENT_COLOR_NAME = AccentColor;
				CODE_SIGN_STYLE = Automatic;
				CURRENT_PROJECT_VERSION = 1;
				GENERATE_INFOPLIST_FILE = YES;
				INFOPLIST_FILE = toDoList/Info.plist;
				INFOPLIST_KEY_UIApplicationSupportsIndirectInputEvents = YES;
				INFOPLIST_KEY_UILaunchStoryboardName = LaunchScreen;
				INFOPLIST_KEY_UIMainStoryboardFile = Main;
				INFOPLIST_KEY_UISupportedInterfaceOrientations_iPad = "UIInterfaceOrientationPortrait UIInterfaceOrientationPortraitUpsideDown UIInterfaceOrientationLandscapeLeft UIInterfaceOrientationLandscapeRight";
				INFOPLIST_KEY_UISupportedInterfaceOrientations_iPhone = "UIInterfaceOrientationPortrait UIInterfaceOrientationLandscapeLeft UIInterfaceOrientationLandscapeRight";
				LD_RUNPATH_SEARCH_PATHS = (
					"$(inherited)",
					"@executable_path/Frameworks",
				);
				MARKETING_VERSION = 1.0;
				PRODUCT_BUNDLE_IDENTIFIER = kwk.toDoList;
				PRODUCT_NAME = "$(TARGET_NAME)";
				SWIFT_EMIT_LOC_STRINGS = YES;
				SWIFT_VERSION = 5.0;
				TARGETED_DEVICE_FAMILY = "1,2";
			};
			name = Release;
		};
		BDEAE665289420960010B396 /* Debug */ = {
			isa = XCBuildConfiguration;
			buildSettings = {
				ALWAYS_EMBED_SWIFT_STANDARD_LIBRARIES = YES;
				BUNDLE_LOADER = "$(TEST_HOST)";
				CODE_SIGN_STYLE = Automatic;
				CURRENT_PROJECT_VERSION = 1;
				GENERATE_INFOPLIST_FILE = YES;
				IPHONEOS_DEPLOYMENT_TARGET = 15.5;
				MARKETING_VERSION = 1.0;
				PRODUCT_BUNDLE_IDENTIFIER = kwk.toDoListTests;
				PRODUCT_NAME = "$(TARGET_NAME)";
				SWIFT_EMIT_LOC_STRINGS = NO;
				SWIFT_VERSION = 5.0;
				TARGETED_DEVICE_FAMILY = "1,2";
				TEST_HOST = "$(BUILT_PRODUCTS_DIR)/toDoList.app/toDoList";
			};
			name = Debug;
		};
		BDEAE666289420960010B396 /* Release */ = {
			isa = XCBuildConfiguration;
			buildSettings = {
				ALWAYS_EMBED_SWIFT_STANDARD_LIBRARIES = YES;
				BUNDLE_LOADER = "$(TEST_HOST)";
				CODE_SIGN_STYLE = Automatic;
				CURRENT_PROJECT_VERSION = 1;
				GENERATE_INFOPLIST_FILE = YES;
				IPHONEOS_DEPLOYMENT_TARGET = 15.5;
				MARKETING_VERSION = 1.0;
				PRODUCT_BUNDLE_IDENTIFIER = kwk.toDoListTests;
				PRODUCT_NAME = "$(TARGET_NAME)";
				SWIFT_EMIT_LOC_STRINGS = NO;
				SWIFT_VERSION = 5.0;
				TARGETED_DEVICE_FAMILY = "1,2";
				TEST_HOST = "$(BUILT_PRODUCTS_DIR)/toDoList.app/toDoList";
			};
			name = Release;
		};
		BDEAE668289420960010B396 /* Debug */ = {
			isa = XCBuildConfiguration;
			buildSettings = {
				ALWAYS_EMBED_SWIFT_STANDARD_LIBRARIES = YES;
				CODE_SIGN_STYLE = Automatic;
				CURRENT_PROJECT_VERSION = 1;
				GENERATE_INFOPLIST_FILE = YES;
				MARKETING_VERSION = 1.0;
				PRODUCT_BUNDLE_IDENTIFIER = kwk.toDoListUITests;
				PRODUCT_NAME = "$(TARGET_NAME)";
				SWIFT_EMIT_LOC_STRINGS = NO;
				SWIFT_VERSION = 5.0;
				TARGETED_DEVICE_FAMILY = "1,2";
				TEST_TARGET_NAME = toDoList;
			};
			name = Debug;
		};
		BDEAE669289420960010B396 /* Release */ = {
			isa = XCBuildConfiguration;
			buildSettings = {
				ALWAYS_EMBED_SWIFT_STANDARD_LIBRARIES = YES;
				CODE_SIGN_STYLE = Automatic;
				CURRENT_PROJECT_VERSION = 1;
				GENERATE_INFOPLIST_FILE = YES;
				MARKETING_VERSION = 1.0;
				PRODUCT_BUNDLE_IDENTIFIER = kwk.toDoListUITests;
				PRODUCT_NAME = "$(TARGET_NAME)";
				SWIFT_EMIT_LOC_STRINGS = NO;
				SWIFT_VERSION = 5.0;
				TARGETED_DEVICE_FAMILY = "1,2";
				TEST_TARGET_NAME = toDoList;
			};
			name = Release;
		};
/* End XCBuildConfiguration section */

/* Begin XCConfigurationList section */
		BDEAE62F289420950010B396 /* Build configuration list for PBXProject "toDoList" */ = {
			isa = XCConfigurationList;
			buildConfigurations = (
				BDEAE65F289420960010B396 /* Debug */,
				BDEAE660289420960010B396 /* Release */,
			);
			defaultConfigurationIsVisible = 0;
			defaultConfigurationName = Release;
		};
		BDEAE661289420960010B396 /* Build configuration list for PBXNativeTarget "toDoList" */ = {
			isa = XCConfigurationList;
			buildConfigurations = (
				BDEAE662289420960010B396 /* Debug */,
				BDEAE663289420960010B396 /* Release */,
			);
			defaultConfigurationIsVisible = 0;
			defaultConfigurationName = Release;
		};
		BDEAE664289420960010B396 /* Build configuration list for PBXNativeTarget "toDoListTests" */ = {
			isa = XCConfigurationList;
			buildConfigurations = (
				BDEAE665289420960010B396 /* Debug */,
				BDEAE666289420960010B396 /* Release */,
			);
			defaultConfigurationIsVisible = 0;
			defaultConfigurationName = Release;
		};
		BDEAE667289420960010B396 /* Build configuration list for PBXNativeTarget "toDoListUITests" */ = {
			isa = XCConfigurationList;
			buildConfigurations = (
				BDEAE668289420960010B396 /* Debug */,
				BDEAE669289420960010B396 /* Release */,
			);
			defaultConfigurationIsVisible = 0;
			defaultConfigurationName = Release;
		};
/* End XCConfigurationList section */

/* Begin XCVersionGroup section */
		BDEAE640289420950010B396 /* toDoList.xcdatamodeld */ = {
			isa = XCVersionGroup;
			children = (
				BDEAE641289420950010B396 /* toDoList.xcdatamodel */,
			);
			currentVersion = BDEAE641289420950010B396 /* toDoList.xcdatamodel */;
			path = toDoList.xcdatamodeld;
			sourceTree = "<group>";
			versionGroupType = wrapper.xcdatamodel;
		};
/* End XCVersionGroup section */
	};
	rootObject = BDEAE62C289420950010B396 /* Project object */;
}
